
Microsoft Visual Studio Solution File, Format Version 12.00
# Visual Studio 15
VisualStudioVersion = 15.0.26403.7
MinimumVisualStudioVersion = 10.0.40219.1
Project("{9A19103F-16F7-4668-BE54-9A1E7A4F7556}") = "Cake.DotEnv.Module", "Cake.DotEnv.Module\Cake.DotEnv.Module.csproj", "{13D5C263-96E7-43CA-9C35-F1D7A1AA175A}"
EndProject
Project("{FAE04EC0-301F-11D3-BF4B-00C04F79EFBC}") = "Cake.DotEnv.Module.Tests", "Cake.DotEnv.Module.Tests\Cake.DotEnv.Module.Tests.csproj", "{6A5D0A7E-F39C-43D9-89B2-0C8B63FE48E5}"
EndProject
Global
	GlobalSection(SolutionConfigurationPlatforms) = preSolution
		Debug|Any CPU = Debug|Any CPU
		Release|Any CPU = Release|Any CPU
	EndGlobalSection
	GlobalSection(ProjectConfigurationPlatforms) = postSolution
		{13D5C263-96E7-43CA-9C35-F1D7A1AA175A}.Debug|Any CPU.ActiveCfg = Debug|Any CPU
		{13D5C263-96E7-43CA-9C35-F1D7A1AA175A}.Debug|Any CPU.Build.0 = Debug|Any CPU
		{13D5C263-96E7-43CA-9C35-F1D7A1AA175A}.Release|Any CPU.ActiveCfg = Release|Any CPU
		{13D5C263-96E7-43CA-9C35-F1D7A1AA175A}.Release|Any CPU.Build.0 = Release|Any CPU
		{6A5D0A7E-F39C-43D9-89B2-0C8B63FE48E5}.Debug|Any CPU.ActiveCfg = Debug|Any CPU
		{6A5D0A7E-F39C-43D9-89B2-0C8B63FE48E5}.Debug|Any CPU.Build.0 = Debug|Any CPU
		{6A5D0A7E-F39C-43D9-89B2-0C8B63FE48E5}.Release|Any CPU.ActiveCfg = Release|Any CPU
		{6A5D0A7E-F39C-43D9-89B2-0C8B63FE48E5}.Release|Any CPU.Build.0 = Release|Any CPU
	EndGlobalSection
	GlobalSection(SolutionProperties) = preSolution
		HideSolutionNode = FALSE
	EndGlobalSection
EndGlobal
